
Microsoft Visual Studio Solution File, Format Version 12.00
# Visual Studio 15
VisualStudioVersion = 15.0.28307.705
MinimumVisualStudioVersion = 10.0.40219.1
Project("{9A19103F-16F7-4668-BE54-9A1E7A4F7556}") = "Common", "Common\Common.csproj", "{AB2EF43D-CC12-43CB-8B73-C1F5BA44F527}"
EndProject
Project("{9A19103F-16F7-4668-BE54-9A1E7A4F7556}") = "26. Remove Duplicates from Sorted Array", "26. Remove Duplicates from Sorted Array\26. Remove Duplicates from Sorted Array.csproj", "{DF73F99A-C415-4C1A-B3D5-93D9ED430098}"
EndProject
Project("{9A19103F-16F7-4668-BE54-9A1E7A4F7556}") = "1. Two Sum", "1. Two Sum\1. Two Sum.csproj", "{B777D121-A59B-40B7-9FE1-7403841927C9}"
EndProject
Project("{9A19103F-16F7-4668-BE54-9A1E7A4F7556}") = "7. Reverse Integer", "7. Reverse Integer\7. Reverse Integer.csproj", "{6EEA3608-65C6-471C-A1B5-735DB195E525}"
EndProject
Project("{9A19103F-16F7-4668-BE54-9A1E7A4F7556}") = "9. Palindrome Number", "9. Palindrome Number\9. Palindrome Number.csproj", "{31DB8115-4563-4330-A166-B2C7857AE7EB}"
EndProject
Project("{9A19103F-16F7-4668-BE54-9A1E7A4F7556}") = "13. Roman to Integer", "13. Roman to Integer\13. Roman to Integer.csproj", "{4272E924-8579-4290-838D-61D07E5B8091}"
EndProject
Project("{9A19103F-16F7-4668-BE54-9A1E7A4F7556}") = "2. Add Two Numbers", "2. Add Two Numbers\2. Add Two Numbers.csproj", "{E13F35FC-D576-475C-914F-18C8E2DF50D8}"
EndProject
Project("{9A19103F-16F7-4668-BE54-9A1E7A4F7556}") = "20. Valid Parentheses", "20. Valid Parentheses\20. Valid Parentheses.csproj", "{40551B81-37D0-4F21-A3CC-C7F404AC3BD4}"
EndProject
Project("{2150E333-8FDC-42A3-9474-1A3956D46DE8}") = "ProjectTemplate", "ProjectTemplate", "{10B65A55-FCC7-4109-A605-C7D4CF01D024}"
EndProject
Project("{FAE04EC0-301F-11D3-BF4B-00C04F79EFBC}") = "LeetCodeProjectTemplate", "LeetCodeProjectTemplate\LeetCodeProjectTemplate.csproj", "{8F72ECF7-5CCE-4C97-AF7A-1C11C0818E55}"
EndProject
Project("{FAE04EC0-301F-11D3-BF4B-00C04F79EFBC}") = "LeetCodePackage", "LeetCodePackage\LeetCodePackage.csproj", "{18692583-55D3-466C-9E02-0F61A043B2F8}"
EndProject
Project("{FAE04EC0-301F-11D3-BF4B-00C04F79EFBC}") = "27. Remove Element", "27. Remove Element\27. Remove Element.csproj", "{83134F41-C2D4-4049-BD3E-A6B5FD1584EF}"
EndProject
Project("{FAE04EC0-301F-11D3-BF4B-00C04F79EFBC}") = "35. Search Insert Position", "35. Search Insert Position\35. Search Insert Position.csproj", "{2DDEB5BB-8777-499D-926E-C54BB9C2F432}"
EndProject
Global
	GlobalSection(SolutionConfigurationPlatforms) = preSolution
		Debug|Any CPU = Debug|Any CPU
		Release|Any CPU = Release|Any CPU
	EndGlobalSection
	GlobalSection(ProjectConfigurationPlatforms) = postSolution
		{AB2EF43D-CC12-43CB-8B73-C1F5BA44F527}.Debug|Any CPU.ActiveCfg = Debug|Any CPU
		{AB2EF43D-CC12-43CB-8B73-C1F5BA44F527}.Debug|Any CPU.Build.0 = Debug|Any CPU
		{AB2EF43D-CC12-43CB-8B73-C1F5BA44F527}.Release|Any CPU.ActiveCfg = Release|Any CPU
		{AB2EF43D-CC12-43CB-8B73-C1F5BA44F527}.Release|Any CPU.Build.0 = Release|Any CPU
		{DF73F99A-C415-4C1A-B3D5-93D9ED430098}.Debug|Any CPU.ActiveCfg = Debug|Any CPU
		{DF73F99A-C415-4C1A-B3D5-93D9ED430098}.Debug|Any CPU.Build.0 = Debug|Any CPU
		{DF73F99A-C415-4C1A-B3D5-93D9ED430098}.Release|Any CPU.ActiveCfg = Release|Any CPU
		{DF73F99A-C415-4C1A-B3D5-93D9ED430098}.Release|Any CPU.Build.0 = Release|Any CPU
		{B777D121-A59B-40B7-9FE1-7403841927C9}.Debug|Any CPU.ActiveCfg = Debug|Any CPU
		{B777D121-A59B-40B7-9FE1-7403841927C9}.Debug|Any CPU.Build.0 = Debug|Any CPU
		{B777D121-A59B-40B7-9FE1-7403841927C9}.Release|Any CPU.ActiveCfg = Release|Any CPU
		{B777D121-A59B-40B7-9FE1-7403841927C9}.Release|Any CPU.Build.0 = Release|Any CPU
		{6EEA3608-65C6-471C-A1B5-735DB195E525}.Debug|Any CPU.ActiveCfg = Debug|Any CPU
		{6EEA3608-65C6-471C-A1B5-735DB195E525}.Debug|Any CPU.Build.0 = Debug|Any CPU
		{6EEA3608-65C6-471C-A1B5-735DB195E525}.Release|Any CPU.ActiveCfg = Release|Any CPU
		{6EEA3608-65C6-471C-A1B5-735DB195E525}.Release|Any CPU.Build.0 = Release|Any CPU
		{31DB8115-4563-4330-A166-B2C7857AE7EB}.Debug|Any CPU.ActiveCfg = Debug|Any CPU
		{31DB8115-4563-4330-A166-B2C7857AE7EB}.Debug|Any CPU.Build.0 = Debug|Any CPU
		{31DB8115-4563-4330-A166-B2C7857AE7EB}.Release|Any CPU.ActiveCfg = Release|Any CPU
		{31DB8115-4563-4330-A166-B2C7857AE7EB}.Release|Any CPU.Build.0 = Release|Any CPU
		{4272E924-8579-4290-838D-61D07E5B8091}.Debug|Any CPU.ActiveCfg = Debug|Any CPU
		{4272E924-8579-4290-838D-61D07E5B8091}.Debug|Any CPU.Build.0 = Debug|Any CPU
		{4272E924-8579-4290-838D-61D07E5B8091}.Release|Any CPU.ActiveCfg = Release|Any CPU
		{4272E924-8579-4290-838D-61D07E5B8091}.Release|Any CPU.Build.0 = Release|Any CPU
		{E13F35FC-D576-475C-914F-18C8E2DF50D8}.Debug|Any CPU.ActiveCfg = Debug|Any CPU
		{E13F35FC-D576-475C-914F-18C8E2DF50D8}.Debug|Any CPU.Build.0 = Debug|Any CPU
		{E13F35FC-D576-475C-914F-18C8E2DF50D8}.Release|Any CPU.ActiveCfg = Release|Any CPU
		{E13F35FC-D576-475C-914F-18C8E2DF50D8}.Release|Any CPU.Build.0 = Release|Any CPU
		{40551B81-37D0-4F21-A3CC-C7F404AC3BD4}.Debug|Any CPU.ActiveCfg = Debug|Any CPU
		{40551B81-37D0-4F21-A3CC-C7F404AC3BD4}.Debug|Any CPU.Build.0 = Debug|Any CPU
		{40551B81-37D0-4F21-A3CC-C7F404AC3BD4}.Release|Any CPU.ActiveCfg = Release|Any CPU
		{40551B81-37D0-4F21-A3CC-C7F404AC3BD4}.Release|Any CPU.Build.0 = Release|Any CPU
		{8F72ECF7-5CCE-4C97-AF7A-1C11C0818E55}.Debug|Any CPU.ActiveCfg = Debug|Any CPU
		{8F72ECF7-5CCE-4C97-AF7A-1C11C0818E55}.Debug|Any CPU.Build.0 = Debug|Any CPU
		{8F72ECF7-5CCE-4C97-AF7A-1C11C0818E55}.Release|Any CPU.ActiveCfg = Release|Any CPU
		{8F72ECF7-5CCE-4C97-AF7A-1C11C0818E55}.Release|Any CPU.Build.0 = Release|Any CPU
		{18692583-55D3-466C-9E02-0F61A043B2F8}.Debug|Any CPU.ActiveCfg = Debug|Any CPU
		{18692583-55D3-466C-9E02-0F61A043B2F8}.Debug|Any CPU.Build.0 = Debug|Any CPU
		{18692583-55D3-466C-9E02-0F61A043B2F8}.Release|Any CPU.ActiveCfg = Release|Any CPU
		{18692583-55D3-466C-9E02-0F61A043B2F8}.Release|Any CPU.Build.0 = Release|Any CPU
		{83134F41-C2D4-4049-BD3E-A6B5FD1584EF}.Debug|Any CPU.ActiveCfg = Debug|Any CPU
		{83134F41-C2D4-4049-BD3E-A6B5FD1584EF}.Debug|Any CPU.Build.0 = Debug|Any CPU
		{83134F41-C2D4-4049-BD3E-A6B5FD1584EF}.Release|Any CPU.ActiveCfg = Release|Any CPU
		{83134F41-C2D4-4049-BD3E-A6B5FD1584EF}.Release|Any CPU.Build.0 = Release|Any CPU
		{2DDEB5BB-8777-499D-926E-C54BB9C2F432}.Debug|Any CPU.ActiveCfg = Debug|Any CPU
		{2DDEB5BB-8777-499D-926E-C54BB9C2F432}.Debug|Any CPU.Build.0 = Debug|Any CPU
		{2DDEB5BB-8777-499D-926E-C54BB9C2F432}.Release|Any CPU.ActiveCfg = Release|Any CPU
		{2DDEB5BB-8777-499D-926E-C54BB9C2F432}.Release|Any CPU.Build.0 = Release|Any CPU
	EndGlobalSection
	GlobalSection(SolutionProperties) = preSolution
		HideSolutionNode = FALSE
	EndGlobalSection
	GlobalSection(NestedProjects) = preSolution
		{AB2EF43D-CC12-43CB-8B73-C1F5BA44F527} = {10B65A55-FCC7-4109-A605-C7D4CF01D024}
		{8F72ECF7-5CCE-4C97-AF7A-1C11C0818E55} = {10B65A55-FCC7-4109-A605-C7D4CF01D024}
		{18692583-55D3-466C-9E02-0F61A043B2F8} = {10B65A55-FCC7-4109-A605-C7D4CF01D024}
	EndGlobalSection
	GlobalSection(ExtensibilityGlobals) = postSolution
		SolutionGuid = {B0B5557B-F9D8-47EA-9636-0E958BD85FCD}
	EndGlobalSection
EndGlobal
